// !$*UTF8*$!
{
	archiveVersion = 1;
	classes = {
	};
	objectVersion = 50;
	objects = {

/* Begin PBXBuildFile section */
		3B34429620B6DCB2005C0EF9 /* AppDelegate.swift in Sources */ = {isa = PBXBuildFile; fileRef = 3B34429520B6DCB2005C0EF9 /* AppDelegate.swift */; };
		3B34429820B6DCB2005C0EF9 /* ViewController.swift in Sources */ = {isa = PBXBuildFile; fileRef = 3B34429720B6DCB2005C0EF9 /* ViewController.swift */; };
		3B34429E20B6DCB2005C0EF9 /* WithoutStoryBoard.xcdatamodeld in Sources */ = {isa = PBXBuildFile; fileRef = 3B34429C20B6DCB2005C0EF9 /* WithoutStoryBoard.xcdatamodeld */; };
		3B3442A020B6DCB5005C0EF9 /* Assets.xcassets in Resources */ = {isa = PBXBuildFile; fileRef = 3B34429F20B6DCB5005C0EF9 /* Assets.xcassets */; };
		3B3442A320B6DCB5005C0EF9 /* LaunchScreen.storyboard in Resources */ = {isa = PBXBuildFile; fileRef = 3B3442A120B6DCB5005C0EF9 /* LaunchScreen.storyboard */; };
		3B3442AE20B6DCB6005C0EF9 /* WithoutStoryBoardTests.swift in Sources */ = {isa = PBXBuildFile; fileRef = 3B3442AD20B6DCB6005C0EF9 /* WithoutStoryBoardTests.swift */; };
		3B3442B920B6DCB6005C0EF9 /* WithoutStoryBoardUITests.swift in Sources */ = {isa = PBXBuildFile; fileRef = 3B3442B820B6DCB6005C0EF9 /* WithoutStoryBoardUITests.swift */; };
		3B3442C720B6DCDD005C0EF9 /* NextViewController.swift in Sources */ = {isa = PBXBuildFile; fileRef = 3B3442C620B6DCDD005C0EF9 /* NextViewController.swift */; };
		3B3442C920B6E1D0005C0EF9 /* Next2ViewController.swift in Sources */ = {isa = PBXBuildFile; fileRef = 3B3442C820B6E1D0005C0EF9 /* Next2ViewController.swift */; };
/* End PBXBuildFile section */

/* Begin PBXContainerItemProxy section */
		3B3442AA20B6DCB6005C0EF9 /* PBXContainerItemProxy */ = {
			isa = PBXContainerItemProxy;
			containerPortal = 3B34428A20B6DCB2005C0EF9 /* Project object */;
			proxyType = 1;
			remoteGlobalIDString = 3B34429120B6DCB2005C0EF9;
			remoteInfo = WithoutStoryBoard;
		};
		3B3442B520B6DCB6005C0EF9 /* PBXContainerItemProxy */ = {
			isa = PBXContainerItemProxy;
			containerPortal = 3B34428A20B6DCB2005C0EF9 /* Project object */;
			proxyType = 1;
			remoteGlobalIDString = 3B34429120B6DCB2005C0EF9;
			remoteInfo = WithoutStoryBoard;
		};
/* End PBXContainerItemProxy section */

/* Begin PBXFileReference section */
		3B34429220B6DCB2005C0EF9 /* WithoutStoryBoard.app */ = {isa = PBXFileReference; explicitFileType = wrapper.application; includeInIndex = 0; path = WithoutStoryBoard.app; sourceTree = BUILT_PRODUCTS_DIR; };
		3B34429520B6DCB2005C0EF9 /* AppDelegate.swift */ = {isa = PBXFileReference; lastKnownFileType = sourcecode.swift; path = AppDelegate.swift; sourceTree = "<group>"; };
		3B34429720B6DCB2005C0EF9 /* ViewController.swift */ = {isa = PBXFileReference; lastKnownFileType = sourcecode.swift; path = ViewController.swift; sourceTree = "<group>"; };
		3B34429D20B6DCB2005C0EF9 /* WithoutStoryBoard.xcdatamodel */ = {isa = PBXFileReference; lastKnownFileType = wrapper.xcdatamodel; path = WithoutStoryBoard.xcdatamodel; sourceTree = "<group>"; };
		3B34429F20B6DCB5005C0EF9 /* Assets.xcassets */ = {isa = PBXFileReference; lastKnownFileType = folder.assetcatalog; path = Assets.xcassets; sourceTree = "<group>"; };
		3B3442A220B6DCB5005C0EF9 /* Base */ = {isa = PBXFileReference; lastKnownFileType = file.storyboard; name = Base; path = Base.lproj/LaunchScreen.storyboard; sourceTree = "<group>"; };
		3B3442A420B6DCB5005C0EF9 /* Info.plist */ = {isa = PBXFileReference; lastKnownFileType = text.plist.xml; path = Info.plist; sourceTree = "<group>"; };
		3B3442A920B6DCB6005C0EF9 /* WithoutStoryBoardTests.xctest */ = {isa = PBXFileReference; explicitFileType = wrapper.cfbundle; includeInIndex = 0; path = WithoutStoryBoardTests.xctest; sourceTree = BUILT_PRODUCTS_DIR; };
		3B3442AD20B6DCB6005C0EF9 /* WithoutStoryBoardTests.swift */ = {isa = PBXFileReference; lastKnownFileType = sourcecode.swift; path = WithoutStoryBoardTests.swift; sourceTree = "<group>"; };
		3B3442AF20B6DCB6005C0EF9 /* Info.plist */ = {isa = PBXFileReference; lastKnownFileType = text.plist.xml; path = Info.plist; sourceTree = "<group>"; };
		3B3442B420B6DCB6005C0EF9 /* WithoutStoryBoardUITests.xctest */ = {isa = PBXFileReference; explicitFileType = wrapper.cfbundle; includeInIndex = 0; path = WithoutStoryBoardUITests.xctest; sourceTree = BUILT_PRODUCTS_DIR; };
		3B3442B820B6DCB6005C0EF9 /* WithoutStoryBoardUITests.swift */ = {isa = PBXFileReference; lastKnownFileType = sourcecode.swift; path = WithoutStoryBoardUITests.swift; sourceTree = "<group>"; };
		3B3442BA20B6DCB6005C0EF9 /* Info.plist */ = {isa = PBXFileReference; lastKnownFileType = text.plist.xml; path = Info.plist; sourceTree = "<group>"; };
		3B3442C620B6DCDD005C0EF9 /* NextViewController.swift */ = {isa = PBXFileReference; lastKnownFileType = sourcecode.swift; path = NextViewController.swift; sourceTree = "<group>"; };
		3B3442C820B6E1D0005C0EF9 /* Next2ViewController.swift */ = {isa = PBXFileReference; lastKnownFileType = sourcecode.swift; path = Next2ViewController.swift; sourceTree = "<group>"; };
/* End PBXFileReference section */

/* Begin PBXFrameworksBuildPhase section */
		3B34428F20B6DCB2005C0EF9 /* Frameworks */ = {
			isa = PBXFrameworksBuildPhase;
			buildActionMask = 2147483647;
			files = (
			);
			runOnlyForDeploymentPostprocessing = 0;
		};
		3B3442A620B6DCB6005C0EF9 /* Frameworks */ = {
			isa = PBXFrameworksBuildPhase;
			buildActionMask = 2147483647;
			files = (
			);
			runOnlyForDeploymentPostprocessing = 0;
		};
		3B3442B120B6DCB6005C0EF9 /* Frameworks */ = {
			isa = PBXFrameworksBuildPhase;
			buildActionMask = 2147483647;
			files = (
			);
			runOnlyForDeploymentPostprocessing = 0;
		};
/* End PBXFrameworksBuildPhase section */

/* Begin PBXGroup section */
		3B34428920B6DCB2005C0EF9 = {
			isa = PBXGroup;
			children = (
				3B34429420B6DCB2005C0EF9 /* WithoutStoryBoard */,
				3B3442AC20B6DCB6005C0EF9 /* WithoutStoryBoardTests */,
				3B3442B720B6DCB6005C0EF9 /* WithoutStoryBoardUITests */,
				3B34429320B6DCB2005C0EF9 /* Products */,
			);
			sourceTree = "<group>";
		};
		3B34429320B6DCB2005C0EF9 /* Products */ = {
			isa = PBXGroup;
			children = (
				3B34429220B6DCB2005C0EF9 /* WithoutStoryBoard.app */,
				3B3442A920B6DCB6005C0EF9 /* WithoutStoryBoardTests.xctest */,
				3B3442B420B6DCB6005C0EF9 /* WithoutStoryBoardUITests.xctest */,
			);
			name = Products;
			sourceTree = "<group>";
		};
		3B34429420B6DCB2005C0EF9 /* WithoutStoryBoard */ = {
			isa = PBXGroup;
			children = (
				3B34429520B6DCB2005C0EF9 /* AppDelegate.swift */,
				3B34429720B6DCB2005C0EF9 /* ViewController.swift */,
				3B34429F20B6DCB5005C0EF9 /* Assets.xcassets */,
				3B3442A120B6DCB5005C0EF9 /* LaunchScreen.storyboard */,
				3B3442A420B6DCB5005C0EF9 /* Info.plist */,
				3B34429C20B6DCB2005C0EF9 /* WithoutStoryBoard.xcdatamodeld */,
				3B3442C620B6DCDD005C0EF9 /* NextViewController.swift */,
				3B3442C820B6E1D0005C0EF9 /* Next2ViewController.swift */,
			);
			path = WithoutStoryBoard;
			sourceTree = "<group>";
		};
		3B3442AC20B6DCB6005C0EF9 /* WithoutStoryBoardTests */ = {
			isa = PBXGroup;
			children = (
				3B3442AD20B6DCB6005C0EF9 /* WithoutStoryBoardTests.swift */,
				3B3442AF20B6DCB6005C0EF9 /* Info.plist */,
			);
			path = WithoutStoryBoardTests;
			sourceTree = "<group>";
		};
		3B3442B720B6DCB6005C0EF9 /* WithoutStoryBoardUITests */ = {
			isa = PBXGroup;
			children = (
				3B3442B820B6DCB6005C0EF9 /* WithoutStoryBoardUITests.swift */,
				3B3442BA20B6DCB6005C0EF9 /* Info.plist */,
			);
			path = WithoutStoryBoardUITests;
			sourceTree = "<group>";
		};
/* End PBXGroup section */

/* Begin PBXNativeTarget section */
		3B34429120B6DCB2005C0EF9 /* WithoutStoryBoard */ = {
			isa = PBXNativeTarget;
			buildConfigurationList = 3B3442BD20B6DCB6005C0EF9 /* Build configuration list for PBXNativeTarget "WithoutStoryBoard" */;
			buildPhases = (
				3B34428E20B6DCB2005C0EF9 /* Sources */,
				3B34428F20B6DCB2005C0EF9 /* Frameworks */,
				3B34429020B6DCB2005C0EF9 /* Resources */,
			);
			buildRules = (
			);
			dependencies = (
			);
			name = WithoutStoryBoard;
			productName = WithoutStoryBoard;
			productReference = 3B34429220B6DCB2005C0EF9 /* WithoutStoryBoard.app */;
			productType = "com.apple.product-type.application";
		};
		3B3442A820B6DCB6005C0EF9 /* WithoutStoryBoardTests */ = {
			isa = PBXNativeTarget;
			buildConfigurationList = 3B3442C020B6DCB6005C0EF9 /* Build configuration list for PBXNativeTarget "WithoutStoryBoardTests" */;
			buildPhases = (
				3B3442A520B6DCB6005C0EF9 /* Sources */,
				3B3442A620B6DCB6005C0EF9 /* Frameworks */,
				3B3442A720B6DCB6005C0EF9 /* Resources */,
			);
			buildRules = (
			);
			dependencies = (
				3B3442AB20B6DCB6005C0EF9 /* PBXTargetDependency */,
			);
			name = WithoutStoryBoardTests;
			productName = WithoutStoryBoardTests;
			productReference = 3B3442A920B6DCB6005C0EF9 /* WithoutStoryBoardTests.xctest */;
			productType = "com.apple.product-type.bundle.unit-test";
		};
		3B3442B320B6DCB6005C0EF9 /* WithoutStoryBoardUITests */ = {
			isa = PBXNativeTarget;
			buildConfigurationList = 3B3442C320B6DCB6005C0EF9 /* Build configuration list for PBXNativeTarget "WithoutStoryBoardUITests" */;
			buildPhases = (
				3B3442B020B6DCB6005C0EF9 /* Sources */,
				3B3442B120B6DCB6005C0EF9 /* Frameworks */,
				3B3442B220B6DCB6005C0EF9 /* Resources */,
			);
			buildRules = (
			);
			dependencies = (
				3B3442B620B6DCB6005C0EF9 /* PBXTargetDependency */,
			);
			name = WithoutStoryBoardUITests;
			productName = WithoutStoryBoardUITests;
			productReference = 3B3442B420B6DCB6005C0EF9 /* WithoutStoryBoardUITests.xctest */;
			productType = "com.apple.product-type.bundle.ui-testing";
		};
/* End PBXNativeTarget section */

/* Begin PBXProject section */
		3B34428A20B6DCB2005C0EF9 /* Project object */ = {
			isa = PBXProject;
			attributes = {
				LastSwiftUpdateCheck = 0930;
				LastUpgradeCheck = 0930;
				ORGANIZATIONNAME = "倉田　隆成";
				TargetAttributes = {
					3B34429120B6DCB2005C0EF9 = {
						CreatedOnToolsVersion = 9.3.1;
					};
					3B3442A820B6DCB6005C0EF9 = {
						CreatedOnToolsVersion = 9.3.1;
						TestTargetID = 3B34429120B6DCB2005C0EF9;
					};
					3B3442B320B6DCB6005C0EF9 = {
						CreatedOnToolsVersion = 9.3.1;
						TestTargetID = 3B34429120B6DCB2005C0EF9;
					};
				};
			};
			buildConfigurationList = 3B34428D20B6DCB2005C0EF9 /* Build configuration list for PBXProject "WithoutStoryBoard" */;
			compatibilityVersion = "Xcode 9.3";
			developmentRegion = en;
			hasScannedForEncodings = 0;
			knownRegions = (
				en,
				Base,
			);
			mainGroup = 3B34428920B6DCB2005C0EF9;
			productRefGroup = 3B34429320B6DCB2005C0EF9 /* Products */;
			projectDirPath = "";
			projectRoot = "";
			targets = (
				3B34429120B6DCB2005C0EF9 /* WithoutStoryBoard */,
				3B3442A820B6DCB6005C0EF9 /* WithoutStoryBoardTests */,
				3B3442B320B6DCB6005C0EF9 /* WithoutStoryBoardUITests */,
			);
		};
/* End PBXProject section */

/* Begin PBXResourcesBuildPhase section */
		3B34429020B6DCB2005C0EF9 /* Resources */ = {
			isa = PBXResourcesBuildPhase;
			buildActionMask = 2147483647;
			files = (
				3B3442A320B6DCB5005C0EF9 /* LaunchScreen.storyboard in Resources */,
				3B3442A020B6DCB5005C0EF9 /* Assets.xcassets in Resources */,
			);
			runOnlyForDeploymentPostprocessing = 0;
		};
		3B3442A720B6DCB6005C0EF9 /* Resources */ = {
			isa = PBXResourcesBuildPhase;
			buildActionMask = 2147483647;
			files = (
			);
			runOnlyForDeploymentPostprocessing = 0;
		};
		3B3442B220B6DCB6005C0EF9 /* Resources */ = {
			isa = PBXResourcesBuildPhase;
			buildActionMask = 2147483647;
			files = (
			);
			runOnlyForDeploymentPostprocessing = 0;
		};
/* End PBXResourcesBuildPhase section */

/* Begin PBXSourcesBuildPhase section */
		3B34428E20B6DCB2005C0EF9 /* Sources */ = {
			isa = PBXSourcesBuildPhase;
			buildActionMask = 2147483647;
			files = (
				3B34429E20B6DCB2005C0EF9 /* WithoutStoryBoard.xcdatamodeld in Sources */,
				3B3442C720B6DCDD005C0EF9 /* NextViewController.swift in Sources */,
				3B34429820B6DCB2005C0EF9 /* ViewController.swift in Sources */,
				3B34429620B6DCB2005C0EF9 /* AppDelegate.swift in Sources */,
				3B3442C920B6E1D0005C0EF9 /* Next2ViewController.swift in Sources */,
			);
			runOnlyForDeploymentPostprocessing = 0;
		};
		3B3442A520B6DCB6005C0EF9 /* Sources */ = {
			isa = PBXSourcesBuildPhase;
			buildActionMask = 2147483647;
			files = (
				3B3442AE20B6DCB6005C0EF9 /* WithoutStoryBoardTests.swift in Sources */,
			);
			runOnlyForDeploymentPostprocessing = 0;
		};
		3B3442B020B6DCB6005C0EF9 /* Sources */ = {
			isa = PBXSourcesBuildPhase;
			buildActionMask = 2147483647;
			files = (
				3B3442B920B6DCB6005C0EF9 /* WithoutStoryBoardUITests.swift in Sources */,
			);
			runOnlyForDeploymentPostprocessing = 0;
		};
/* End PBXSourcesBuildPhase section */

/* Begin PBXTargetDependency section */
		3B3442AB20B6DCB6005C0EF9 /* PBXTargetDependency */ = {
			isa = PBXTargetDependency;
			target = 3B34429120B6DCB2005C0EF9 /* WithoutStoryBoard */;
			targetProxy = 3B3442AA20B6DCB6005C0EF9 /* PBXContainerItemProxy */;
		};
		3B3442B620B6DCB6005C0EF9 /* PBXTargetDependency */ = {
			isa = PBXTargetDependency;
			target = 3B34429120B6DCB2005C0EF9 /* WithoutStoryBoard */;
			targetProxy = 3B3442B520B6DCB6005C0EF9 /* PBXContainerItemProxy */;
		};
/* End PBXTargetDependency section */

/* Begin PBXVariantGroup section */
		3B3442A120B6DCB5005C0EF9 /* LaunchScreen.storyboard */ = {
			isa = PBXVariantGroup;
			children = (
				3B3442A220B6DCB5005C0EF9 /* Base */,
			);
			name = LaunchScreen.storyboard;
			sourceTree = "<group>";
		};
/* End PBXVariantGroup section */

/* Begin XCBuildConfiguration section */
		3B3442BB20B6DCB6005C0EF9 /* Debug */ = {
			isa = XCBuildConfiguration;
			buildSettings = {
				ALWAYS_SEARCH_USER_PATHS = NO;
				CLANG_ANALYZER_NONNULL = YES;
				CLANG_ANALYZER_NUMBER_OBJECT_CONVERSION = YES_AGGRESSIVE;
				CLANG_CXX_LANGUAGE_STANDARD = "gnu++14";
				CLANG_CXX_LIBRARY = "libc++";
				CLANG_ENABLE_MODULES = YES;
				CLANG_ENABLE_OBJC_ARC = YES;
				CLANG_ENABLE_OBJC_WEAK = YES;
				CLANG_WARN_BLOCK_CAPTURE_AUTORELEASING = YES;
				CLANG_WARN_BOOL_CONVERSION = YES;
				CLANG_WARN_COMMA = YES;
				CLANG_WARN_CONSTANT_CONVERSION = YES;
				CLANG_WARN_DEPRECATED_OBJC_IMPLEMENTATIONS = YES;
				CLANG_WARN_DIRECT_OBJC_ISA_USAGE = YES_ERROR;
				CLANG_WARN_DOCUMENTATION_COMMENTS = YES;
				CLANG_WARN_EMPTY_BODY = YES;
				CLANG_WARN_ENUM_CONVERSION = YES;
				CLANG_WARN_INFINITE_RECURSION = YES;
				CLANG_WARN_INT_CONVERSION = YES;
				CLANG_WARN_NON_LITERAL_NULL_CONVERSION = YES;
				CLANG_WARN_OBJC_IMPLICIT_RETAIN_SELF = YES;
				CLANG_WARN_OBJC_LITERAL_CONVERSION = YES;
				CLANG_WARN_OBJC_ROOT_CLASS = YES_ERROR;
				CLANG_WARN_RANGE_LOOP_ANALYSIS = YES;
				CLANG_WARN_STRICT_PROTOTYPES = YES;
				CLANG_WARN_SUSPICIOUS_MOVE = YES;
				CLANG_WARN_UNGUARDED_AVAILABILITY = YES_AGGRESSIVE;
				CLANG_WARN_UNREACHABLE_CODE = YES;
				CLANG_WARN__DUPLICATE_METHOD_MATCH = YES;
				CODE_SIGN_IDENTITY = "iPhone Developer";
				COPY_PHASE_STRIP = NO;
				DEBUG_INFORMATION_FORMAT = dwarf;
				ENABLE_STRICT_OBJC_MSGSEND = YES;
				ENABLE_TESTABILITY = YES;
				GCC_C_LANGUAGE_STANDARD = gnu11;
				GCC_DYNAMIC_NO_PIC = NO;
				GCC_NO_COMMON_BLOCKS = YES;
				GCC_OPTIMIZATION_LEVEL = 0;
				GCC_PREPROCESSOR_DEFINITIONS = (
					"DEBUG=1",
					"$(inherited)",
				);
				GCC_WARN_64_TO_32_BIT_CONVERSION = YES;
				GCC_WARN_ABOUT_RETURN_TYPE = YES_ERROR;
				GCC_WARN_UNDECLARED_SELECTOR = YES;
				GCC_WARN_UNINITIALIZED_AUTOS = YES_AGGRESSIVE;
				GCC_WARN_UNUSED_FUNCTION = YES;
				GCC_WARN_UNUSED_VARIABLE = YES;
				IPHONEOS_DEPLOYMENT_TARGET = 11.3;
				MTL_ENABLE_DEBUG_INFO = YES;
				ONLY_ACTIVE_ARCH = YES;
				SDKROOT = iphoneos;
				SWIFT_ACTIVE_COMPILATION_CONDITIONS = DEBUG;
				SWIFT_OPTIMIZATION_LEVEL = "-Onone";
			};
			name = Debug;
		};
		3B3442BC20B6DCB6005C0EF9 /* Release */ = {
			isa = XCBuildConfiguration;
			buildSettings = {
				ALWAYS_SEARCH_USER_PATHS = NO;
				CLANG_ANALYZER_NONNULL = YES;
				CLANG_ANALYZER_NUMBER_OBJECT_CONVERSION = YES_AGGRESSIVE;
				CLANG_CXX_LANGUAGE_STANDARD = "gnu++14";
				CLANG_CXX_LIBRARY = "libc++";
				CLANG_ENABLE_MODULES = YES;
				CLANG_ENABLE_OBJC_ARC = YES;
				CLANG_ENABLE_OBJC_WEAK = YES;
				CLANG_WARN_BLOCK_CAPTURE_AUTORELEASING = YES;
				CLANG_WARN_BOOL_CONVERSION = YES;
				CLANG_WARN_COMMA = YES;
				CLANG_WARN_CONSTANT_CONVERSION = YES;
				CLANG_WARN_DEPRECATED_OBJC_IMPLEMENTATIONS = YES;
				CLANG_WARN_DIRECT_OBJC_ISA_USAGE = YES_ERROR;
				CLANG_WARN_DOCUMENTATION_COMMENTS = YES;
				CLANG_WARN_EMPTY_BODY = YES;
				CLANG_WARN_ENUM_CONVERSION = YES;
				CLANG_WARN_INFINITE_RECURSION = YES;
				CLANG_WARN_INT_CONVERSION = YES;
				CLANG_WARN_NON_LITERAL_NULL_CONVERSION = YES;
				CLANG_WARN_OBJC_IMPLICIT_RETAIN_SELF = YES;
				CLANG_WARN_OBJC_LITERAL_CONVERSION = YES;
				CLANG_WARN_OBJC_ROOT_CLASS = YES_ERROR;
				CLANG_WARN_RANGE_LOOP_ANALYSIS = YES;
				CLANG_WARN_STRICT_PROTOTYPES = YES;
				CLANG_WARN_SUSPICIOUS_MOVE = YES;
				CLANG_WARN_UNGUARDED_AVAILABILITY = YES_AGGRESSIVE;
				CLANG_WARN_UNREACHABLE_CODE = YES;
				CLANG_WARN__DUPLICATE_METHOD_MATCH = YES;
				CODE_SIGN_IDENTITY = "iPhone Developer";
				COPY_PHASE_STRIP = NO;
				DEBUG_INFORMATION_FORMAT = "dwarf-with-dsym";
				ENABLE_NS_ASSERTIONS = NO;
				ENABLE_STRICT_OBJC_MSGSEND = YES;
				GCC_C_LANGUAGE_STANDARD = gnu11;
				GCC_NO_COMMON_BLOCKS = YES;
				GCC_WARN_64_TO_32_BIT_CONVERSION = YES;
				GCC_WARN_ABOUT_RETURN_TYPE = YES_ERROR;
				GCC_WARN_UNDECLARED_SELECTOR = YES;
				GCC_WARN_UNINITIALIZED_AUTOS = YES_AGGRESSIVE;
				GCC_WARN_UNUSED_FUNCTION = YES;
				GCC_WARN_UNUSED_VARIABLE = YES;
				IPHONEOS_DEPLOYMENT_TARGET = 11.3;
				MTL_ENABLE_DEBUG_INFO = NO;
				SDKROOT = iphoneos;
				SWIFT_COMPILATION_MODE = wholemodule;
				SWIFT_OPTIMIZATION_LEVEL = "-O";
				VALIDATE_PRODUCT = YES;
			};
			name = Release;
		};
		3B3442BE20B6DCB6005C0EF9 /* Debug */ = {
			isa = XCBuildConfiguration;
			buildSettings = {
				ASSETCATALOG_COMPILER_APPICON_NAME = AppIcon;
				CODE_SIGN_STYLE = Automatic;
				INFOPLIST_FILE = WithoutStoryBoard/Info.plist;
				LD_RUNPATH_SEARCH_PATHS = (
					"$(inherited)",
					"@executable_path/Frameworks",
				);
				PRODUCT_BUNDLE_IDENTIFIER = "--.WithoutStoryBoard";
				PRODUCT_NAME = "$(TARGET_NAME)";
				SWIFT_VERSION = 4.0;
				TARGETED_DEVICE_FAMILY = "1,2";
			};
			name = Debug;
		};
		3B3442BF20B6DCB6005C0EF9 /* Release */ = {
			isa = XCBuildConfiguration;
			buildSettings = {
				ASSETCATALOG_COMPILER_APPICON_NAME = AppIcon;
				CODE_SIGN_STYLE = Automatic;
				INFOPLIST_FILE = WithoutStoryBoard/Info.plist;
				LD_RUNPATH_SEARCH_PATHS = (
					"$(inherited)",
					"@executable_path/Frameworks",
				);
				PRODUCT_BUNDLE_IDENTIFIER = "--.WithoutStoryBoard";
				PRODUCT_NAME = "$(TARGET_NAME)";
				SWIFT_VERSION = 4.0;
				TARGETED_DEVICE_FAMILY = "1,2";
			};
			name = Release;
		};
		3B3442C120B6DCB6005C0EF9 /* Debug */ = {
			isa = XCBuildConfiguration;
			buildSettings = {
				ALWAYS_EMBED_SWIFT_STANDARD_LIBRARIES = YES;
				BUNDLE_LOADER = "$(TEST_HOST)";
				CODE_SIGN_STYLE = Automatic;
				INFOPLIST_FILE = WithoutStoryBoardTests/Info.plist;
				LD_RUNPATH_SEARCH_PATHS = (
					"$(inherited)",
					"@executable_path/Frameworks",
					"@loader_path/Frameworks",
				);
				PRODUCT_BUNDLE_IDENTIFIER = "--.WithoutStoryBoardTests";
				PRODUCT_NAME = "$(TARGET_NAME)";
				SWIFT_VERSION = 4.0;
				TARGETED_DEVICE_FAMILY = "1,2";
				TEST_HOST = "$(BUILT_PRODUCTS_DIR)/WithoutStoryBoard.app/WithoutStoryBoard";
			};
			name = Debug;
		};
		3B3442C220B6DCB6005C0EF9 /* Release */ = {
			isa = XCBuildConfiguration;
			buildSettings = {
				ALWAYS_EMBED_SWIFT_STANDARD_LIBRARIES = YES;
				BUNDLE_LOADER = "$(TEST_HOST)";
				CODE_SIGN_STYLE = Automatic;
				INFOPLIST_FILE = WithoutStoryBoardTests/Info.plist;
				LD_RUNPATH_SEARCH_PATHS = (
					"$(inherited)",
					"@executable_path/Frameworks",
					"@loader_path/Frameworks",
				);
				PRODUCT_BUNDLE_IDENTIFIER = "--.WithoutStoryBoardTests";
				PRODUCT_NAME = "$(TARGET_NAME)";
				SWIFT_VERSION = 4.0;
				TARGETED_DEVICE_FAMILY = "1,2";
				TEST_HOST = "$(BUILT_PRODUCTS_DIR)/WithoutStoryBoard.app/WithoutStoryBoard";
			};
			name = Release;
		};
		3B3442C420B6DCB6005C0EF9 /* Debug */ = {
			isa = XCBuildConfiguration;
			buildSettings = {
				ALWAYS_EMBED_SWIFT_STANDARD_LIBRARIES = YES;
				CODE_SIGN_STYLE = Automatic;
				INFOPLIST_FILE = WithoutStoryBoardUITests/Info.plist;
				LD_RUNPATH_SEARCH_PATHS = (
					"$(inherited)",
					"@executable_path/Frameworks",
					"@loader_path/Frameworks",
				);
				PRODUCT_BUNDLE_IDENTIFIER = "--.WithoutStoryBoardUITests";
				PRODUCT_NAME = "$(TARGET_NAME)";
				SWIFT_VERSION = 4.0;
				TARGETED_DEVICE_FAMILY = "1,2";
				TEST_TARGET_NAME = WithoutStoryBoard;
			};
			name = Debug;
		};
		3B3442C520B6DCB6005C0EF9 /* Release */ = {
			isa = XCBuildConfiguration;
			buildSettings = {
				ALWAYS_EMBED_SWIFT_STANDARD_LIBRARIES = YES;
				CODE_SIGN_STYLE = Automatic;
				INFOPLIST_FILE = WithoutStoryBoardUITests/Info.plist;
				LD_RUNPATH_SEARCH_PATHS = (
					"$(inherited)",
					"@executable_path/Frameworks",
					"@loader_path/Frameworks",
				);
				PRODUCT_BUNDLE_IDENTIFIER = "--.WithoutStoryBoardUITests";
				PRODUCT_NAME = "$(TARGET_NAME)";
				SWIFT_VERSION = 4.0;
				TARGETED_DEVICE_FAMILY = "1,2";
				TEST_TARGET_NAME = WithoutStoryBoard;
			};
			name = Release;
		};
/* End XCBuildConfiguration section */

/* Begin XCConfigurationList section */
		3B34428D20B6DCB2005C0EF9 /* Build configuration list for PBXProject "WithoutStoryBoard" */ = {
			isa = XCConfigurationList;
			buildConfigurations = (
				3B3442BB20B6DCB6005C0EF9 /* Debug */,
				3B3442BC20B6DCB6005C0EF9 /* Release */,
			);
			defaultConfigurationIsVisible = 0;
			defaultConfigurationName = Release;
		};
		3B3442BD20B6DCB6005C0EF9 /* Build configuration list for PBXNativeTarget "WithoutStoryBoard" */ = {
			isa = XCConfigurationList;
			buildConfigurations = (
				3B3442BE20B6DCB6005C0EF9 /* Debug */,
				3B3442BF20B6DCB6005C0EF9 /* Release */,
			);
			defaultConfigurationIsVisible = 0;
			defaultConfigurationName = Release;
		};
		3B3442C020B6DCB6005C0EF9 /* Build configuration list for PBXNativeTarget "WithoutStoryBoardTests" */ = {
			isa = XCConfigurationList;
			buildConfigurations = (
				3B3442C120B6DCB6005C0EF9 /* Debug */,
				3B3442C220B6DCB6005C0EF9 /* Release */,
			);
			defaultConfigurationIsVisible = 0;
			defaultConfigurationName = Release;
		};
		3B3442C320B6DCB6005C0EF9 /* Build configuration list for PBXNativeTarget "WithoutStoryBoardUITests" */ = {
			isa = XCConfigurationList;
			buildConfigurations = (
				3B3442C420B6DCB6005C0EF9 /* Debug */,
				3B3442C520B6DCB6005C0EF9 /* Release */,
			);
			defaultConfigurationIsVisible = 0;
			defaultConfigurationName = Release;
		};
/* End XCConfigurationList section */

/* Begin XCVersionGroup section */
		3B34429C20B6DCB2005C0EF9 /* WithoutStoryBoard.xcdatamodeld */ = {
			isa = XCVersionGroup;
			children = (
				3B34429D20B6DCB2005C0EF9 /* WithoutStoryBoard.xcdatamodel */,
			);
			currentVersion = 3B34429D20B6DCB2005C0EF9 /* WithoutStoryBoard.xcdatamodel */;
			path = WithoutStoryBoard.xcdatamodeld;
			sourceTree = "<group>";
			versionGroupType = wrapper.xcdatamodel;
		};
/* End XCVersionGroup section */
	};
	rootObject = 3B34428A20B6DCB2005C0EF9 /* Project object */;
}
